
Microsoft Visual Studio Solution File, Format Version 12.00
# Visual Studio 15
VisualStudioVersion = 15.0.28307.106
MinimumVisualStudioVersion = 10.0.40219.1
Project("{FAE04EC0-301F-11D3-BF4B-00C04F79EFBC}") = "Cub", "Cub\Cub.csproj", "{B9B95056-673D-4EA7-9540-DAA83B5917B0}"
EndProject
Global
	GlobalSection(SolutionConfigurationPlatforms) = preSolution
		Debug|Any CPU = Debug|Any CPU
		Release|Any CPU = Release|Any CPU
	EndGlobalSection
	GlobalSection(ProjectConfigurationPlatforms) = postSolution
		{B9B95056-673D-4EA7-9540-DAA83B5917B0}.Debug|Any CPU.ActiveCfg = Debug|Any CPU
		{B9B95056-673D-4EA7-9540-DAA83B5917B0}.Debug|Any CPU.Build.0 = Debug|Any CPU
		{B9B95056-673D-4EA7-9540-DAA83B5917B0}.Release|Any CPU.ActiveCfg = Release|Any CPU
		{B9B95056-673D-4EA7-9540-DAA83B5917B0}.Release|Any CPU.Build.0 = Release|Any CPU
	EndGlobalSection
	GlobalSection(SolutionProperties) = preSolution
		HideSolutionNode = FALSE
	EndGlobalSection
	GlobalSection(ExtensibilityGlobals) = postSolution
		SolutionGuid = {08C62298-EE2A-4635-8FB9-1966E8AA9792}
	EndGlobalSection
EndGlobal
